PODS:
  - FBSnapshotTestCase (2.1.4):
    - FBSnapshotTestCase/SwiftSupport (= 2.1.4)
  - FBSnapshotTestCase/Core (2.1.4)
  - FBSnapshotTestCase/SwiftSupport (2.1.4):
    - FBSnapshotTestCase/Core
  - MLWFlexLayout (0.1.0)

DEPENDENCIES:
  - FBSnapshotTestCase (~> 2.1.4)
  - MLWFlexLayout (from `../`)

SPEC REPOS:
  trunk:
    - FBSnapshotTestCase

EXTERNAL SOURCES:
  MLWFlexLayout:
    :path: "../"

SPEC CHECKSUMS:
  FBSnapshotTestCase: 094f9f314decbabe373b87cc339bea235a63e07a
  MLWFlexLayout: b40785022efba73ee91aefcf69bbc326df2804eb

PODFILE CHECKSUM: 8733d6e52cf2ee7d26cdc152ba275ea3358c4cb4

COCOAPODS: 1.9.1
